// !$*UTF8*$!
{ archiveVersion = 1; classes = {}; objectVersion = 56; objects = {
127C7F4F05B0B7CAB073A9E2 = { isa = PBXFileReference; lastKnownFileType = sourcecode.swift; path = "Native/Core/Bellows.swift"; sourceTree = SOURCE_ROOT; };
277BD69ADAAA324C6EB31416 = { isa = PBXBuildFile; fileRef = 127C7F4F05B0B7CAB073A9E2; };
1418AB940731A1E6BF5B17BB = { isa = PBXFileReference; lastKnownFileType = sourcecode.swift; path = "Native/Core/KeyboardMap.swift"; sourceTree = SOURCE_ROOT; };
7108BB51FEA6F77651E36508 = { isa = PBXBuildFile; fileRef = 1418AB940731A1E6BF5B17BB; };
27816EB19FAF28028F084BD2 = { isa = PBXFileReference; lastKnownFileType = sourcecode.swift; path = "Native/Core/Parameters.swift"; sourceTree = SOURCE_ROOT; };
71583BF325CAB9AA9E3E2BEB = { isa = PBXBuildFile; fileRef = 27816EB19FAF28028F084BD2; };
4C5FCF74800F9BD8442E37FE = { isa = PBXFileReference; lastKnownFileType = sourcecode.swift; path = "Native/Core/SynthKernel.swift"; sourceTree = SOURCE_ROOT; };
065C50FE3F65E08096698DAF = { isa = PBXBuildFile; fileRef = 4C5FCF74800F9BD8442E37FE; };
5B680DC914D428624D743418 = { isa = PBXFileReference; lastKnownFileType = sourcecode.swift; path = "Native/App/AudioEngine.swift"; sourceTree = SOURCE_ROOT; };
0D5718DCC633CE5565A18F80 = { isa = PBXBuildFile; fileRef = 5B680DC914D428624D743418; };
AED62DCAA36B93958795E742 = { isa = PBXFileReference; lastKnownFileType = sourcecode.swift; path = "Native/App/BellowsView.swift"; sourceTree = SOURCE_ROOT; };
26334F60D7E9D291421D84D5 = { isa = PBXBuildFile; fileRef = AED62DCAA36B93958795E742; };
CD22820E2C17AEB5704832C6 = { isa = PBXFileReference; lastKnownFileType = sourcecode.swift; path = "Native/App/InspectorView.swift"; sourceTree = SOURCE_ROOT; };
5B790024991C9EF81B1320F3 = { isa = PBXBuildFile; fileRef = CD22820E2C17AEB5704832C6; };
9EFD274B4040C43F07EEE4AB = { isa = PBXFileReference; lastKnownFileType = sourcecode.swift; path = "Native/App/InstrumentModel.swift"; sourceTree = SOURCE_ROOT; };
5D98F40B947B6EAF54A209A8 = { isa = PBXBuildFile; fileRef = 9EFD274B4040C43F07EEE4AB; };
D851D102D0571E6B32BF87B5 = { isa = PBXFileReference; lastKnownFileType = sourcecode.swift; path = "Native/App/InstrumentView.swift"; sourceTree = SOURCE_ROOT; };
4A672FB54E0665188FB84352 = { isa = PBXBuildFile; fileRef = D851D102D0571E6B32BF87B5; };
3DF924EE9C624C8FBAB19BCA = { isa = PBXFileReference; lastKnownFileType = sourcecode.swift; path = "Native/App/KeyboardInput.swift"; sourceTree = SOURCE_ROOT; };
37F202512ECDC05B372E22F0 = { isa = PBXBuildFile; fileRef = 3DF924EE9C624C8FBAB19BCA; };
52298EC7589437D077C3A6E6 = { isa = PBXFileReference; lastKnownFileType = sourcecode.swift; path = "Native/App/LidSensor.swift"; sourceTree = SOURCE_ROOT; };
A2112D76C744DB2E0F35DEC3 = { isa = PBXBuildFile; fileRef = 52298EC7589437D077C3A6E6; };
A231598C9C719DAD82CA96FE = { isa = PBXFileReference; lastKnownFileType = sourcecode.swift; path = "Native/App/MacbookAccordionApp.swift"; sourceTree = SOURCE_ROOT; };
3457A9A95FD8AAABF656D38E = { isa = PBXBuildFile; fileRef = A231598C9C719DAD82CA96FE; };
EB90550945D5A8C72ADFE394 = { isa = PBXFileReference; lastKnownFileType = sourcecode.swift; path = "Native/App/PianoView.swift"; sourceTree = SOURCE_ROOT; };
DB96F869980D0FBBBB8D7145 = { isa = PBXBuildFile; fileRef = EB90550945D5A8C72ADFE394; };
B1C7A500DBBE49EDEEE1A167 = { isa = PBXFileReference; lastKnownFileType = image.icns; path = "assets/MacbookAccordion.icns"; sourceTree = SOURCE_ROOT; };
22DA7387DAFEFF2E28E74AE0 = { isa = PBXBuildFile; fileRef = B1C7A500DBBE49EDEEE1A167; };
BEF17660A209651658EA18CE = { isa = PBXFileReference; lastKnownFileType = text; path = "Native/Resources/ThirdPartyNotices.txt"; sourceTree = SOURCE_ROOT; };
8291BB9287BD8822E9C8CA4D = { isa = PBXBuildFile; fileRef = BEF17660A209651658EA18CE; };
38A007151ABE87CC01A5B6E9 = { isa = PBXFileReference; explicitFileType = wrapper.application; includeInIndex = 0; path = "MacbookAccordion Native.app"; sourceTree = BUILT_PRODUCTS_DIR; };
1BDBD24583AAF7F81F76B976 = { isa = PBXGroup; name = Sources; sourceTree = "<group>"; children = (127C7F4F05B0B7CAB073A9E2,1418AB940731A1E6BF5B17BB,27816EB19FAF28028F084BD2,4C5FCF74800F9BD8442E37FE,5B680DC914D428624D743418,AED62DCAA36B93958795E742,CD22820E2C17AEB5704832C6,9EFD274B4040C43F07EEE4AB,D851D102D0571E6B32BF87B5,3DF924EE9C624C8FBAB19BCA,52298EC7589437D077C3A6E6,A231598C9C719DAD82CA96FE,EB90550945D5A8C72ADFE394); };
27EDA01F986DA5EFCB134E3D = { isa = PBXGroup; name = Resources; sourceTree = "<group>"; children = (B1C7A500DBBE49EDEEE1A167,BEF17660A209651658EA18CE); };
FBDC4F23F93125BBEEAE800C = { isa = PBXGroup; name = Products; sourceTree = "<group>"; children = (38A007151ABE87CC01A5B6E9); };
E50290A24C49A459B43487C5 = { isa = PBXGroup; sourceTree = "<group>"; children = (1BDBD24583AAF7F81F76B976,27EDA01F986DA5EFCB134E3D,FBDC4F23F93125BBEEAE800C); };
BCE16DD0260827ECF338C787 = { isa = PBXSourcesBuildPhase; buildActionMask = 2147483647; files = (277BD69ADAAA324C6EB31416,7108BB51FEA6F77651E36508,71583BF325CAB9AA9E3E2BEB,065C50FE3F65E08096698DAF,0D5718DCC633CE5565A18F80,26334F60D7E9D291421D84D5,5B790024991C9EF81B1320F3,5D98F40B947B6EAF54A209A8,4A672FB54E0665188FB84352,37F202512ECDC05B372E22F0,A2112D76C744DB2E0F35DEC3,3457A9A95FD8AAABF656D38E,DB96F869980D0FBBBB8D7145); runOnlyForDeploymentPostprocessing = 0; };
0189424A5A60FED329FA868E = { isa = PBXResourcesBuildPhase; buildActionMask = 2147483647; files = (22DA7387DAFEFF2E28E74AE0,8291BB9287BD8822E9C8CA4D); runOnlyForDeploymentPostprocessing = 0; };
7561BFB015D8F536760CB671 = { isa = PBXFrameworksBuildPhase; buildActionMask = 2147483647; files = (); runOnlyForDeploymentPostprocessing = 0; };
89E1FD6268CC0F221A2BE178 = { isa = XCBuildConfiguration; name = Debug; buildSettings = {MACOSX_DEPLOYMENT_TARGET = "14.0"; SDKROOT = "macosx"; SWIFT_VERSION = "5.0"; CLANG_ENABLE_MODULES = "YES"; ENABLE_STRICT_OBJC_MSGSEND = "YES"; GCC_C_LANGUAGE_STANDARD = "gnu17"; SWIFT_STRICT_CONCURRENCY = "minimal"; SWIFT_OPTIMIZATION_LEVEL = "-Onone"; SWIFT_ACTIVE_COMPILATION_CONDITIONS = "DEBUG"; ONLY_ACTIVE_ARCH = "YES"; DEBUG_INFORMATION_FORMAT = "dwarf"; ENABLE_TESTABILITY = "YES";}; };
E6DE6C99132752C914FEF632 = { isa = XCBuildConfiguration; name = Release; buildSettings = {MACOSX_DEPLOYMENT_TARGET = "14.0"; SDKROOT = "macosx"; SWIFT_VERSION = "5.0"; CLANG_ENABLE_MODULES = "YES"; ENABLE_STRICT_OBJC_MSGSEND = "YES"; GCC_C_LANGUAGE_STANDARD = "gnu17"; SWIFT_STRICT_CONCURRENCY = "minimal"; SWIFT_OPTIMIZATION_LEVEL = "-O"; SWIFT_COMPILATION_MODE = "wholemodule"; DEBUG_INFORMATION_FORMAT = "dwarf-with-dsym";}; };
862894B703A6DEDF96A9DD6C = { isa = XCConfigurationList; buildConfigurations = (89E1FD6268CC0F221A2BE178,E6DE6C99132752C914FEF632); defaultConfigurationIsVisible = 0; defaultConfigurationName = Release; };
7082CC0B6FC1282FCEABD07A = { isa = XCBuildConfiguration; name = Debug; buildSettings = {MACOSX_DEPLOYMENT_TARGET = "14.0"; SDKROOT = "macosx"; SWIFT_VERSION = "5.0"; CLANG_ENABLE_MODULES = "YES"; ENABLE_STRICT_OBJC_MSGSEND = "YES"; GCC_C_LANGUAGE_STANDARD = "gnu17"; SWIFT_STRICT_CONCURRENCY = "minimal"; SWIFT_OPTIMIZATION_LEVEL = "-Onone"; SWIFT_ACTIVE_COMPILATION_CONDITIONS = "DEBUG"; ONLY_ACTIVE_ARCH = "YES"; DEBUG_INFORMATION_FORMAT = "dwarf"; ENABLE_TESTABILITY = "YES"; PRODUCT_NAME = "MacbookAccordion Native"; PRODUCT_MODULE_NAME = "MacbookAccordionNative"; PRODUCT_BUNDLE_IDENTIFIER = "games.macaca.macbookaccordion.native"; INFOPLIST_FILE = "Native/Resources/Info.plist"; GENERATE_INFOPLIST_FILE = "NO"; CODE_SIGN_STYLE = "Automatic"; CODE_SIGN_IDENTITY = "-"; ENABLE_APP_SANDBOX = "NO"; ENABLE_HARDENED_RUNTIME = "YES"; COMBINE_HIDPI_IMAGES = "YES"; LD_RUNPATH_SEARCH_PATHS = "$(inherited) @executable_path/../Frameworks"; MARKETING_VERSION = "1.0.0"; CURRENT_PROJECT_VERSION = "1";}; };
639A7CA24D39909E713B47F7 = { isa = XCBuildConfiguration; name = Release; buildSettings = {MACOSX_DEPLOYMENT_TARGET = "14.0"; SDKROOT = "macosx"; SWIFT_VERSION = "5.0"; CLANG_ENABLE_MODULES = "YES"; ENABLE_STRICT_OBJC_MSGSEND = "YES"; GCC_C_LANGUAGE_STANDARD = "gnu17"; SWIFT_STRICT_CONCURRENCY = "minimal"; SWIFT_OPTIMIZATION_LEVEL = "-O"; SWIFT_COMPILATION_MODE = "wholemodule"; DEBUG_INFORMATION_FORMAT = "dwarf-with-dsym"; PRODUCT_NAME = "MacbookAccordion Native"; PRODUCT_MODULE_NAME = "MacbookAccordionNative"; PRODUCT_BUNDLE_IDENTIFIER = "games.macaca.macbookaccordion.native"; INFOPLIST_FILE = "Native/Resources/Info.plist"; GENERATE_INFOPLIST_FILE = "NO"; CODE_SIGN_STYLE = "Automatic"; CODE_SIGN_IDENTITY = "-"; ENABLE_APP_SANDBOX = "NO"; ENABLE_HARDENED_RUNTIME = "YES"; COMBINE_HIDPI_IMAGES = "YES"; LD_RUNPATH_SEARCH_PATHS = "$(inherited) @executable_path/../Frameworks"; MARKETING_VERSION = "1.0.0"; CURRENT_PROJECT_VERSION = "1";}; };
C57128001CE614BF8549D6BB = { isa = XCConfigurationList; buildConfigurations = (7082CC0B6FC1282FCEABD07A,639A7CA24D39909E713B47F7); defaultConfigurationIsVisible = 0; defaultConfigurationName = Release; };
0E8A3AD980EC179856012B7E = { isa = PBXNativeTarget; buildConfigurationList = C57128001CE614BF8549D6BB; buildPhases = (BCE16DD0260827ECF338C787,7561BFB015D8F536760CB671,0189424A5A60FED329FA868E); buildRules = (); dependencies = (); name = MacbookAccordion; productName = "MacbookAccordion Native"; productReference = 38A007151ABE87CC01A5B6E9; productType = "com.apple.product-type.application"; };
98F54143AB4E86B28C3AFEE0 = { isa = PBXProject; attributes = { BuildIndependentTargetsInParallel = YES; LastSwiftUpdateCheck = 2600; LastUpgradeCheck = 2600; }; buildConfigurationList = 862894B703A6DEDF96A9DD6C; compatibilityVersion = "Xcode 14.0"; developmentRegion = zh-Hans; hasScannedForEncodings = 0; knownRegions = (en, "zh-Hans", Base); mainGroup = E50290A24C49A459B43487C5; productRefGroup = FBDC4F23F93125BBEEAE800C; projectDirPath = ""; projectRoot = ""; targets = (0E8A3AD980EC179856012B7E); };
}; rootObject = 98F54143AB4E86B28C3AFEE0; }
